
Microsoft Visual Studio Solution File, Format Version 12.00
# Visual Studio Version 17
VisualStudioVersion = 17.12.35527.113 d17.12
MinimumVisualStudioVersion = 10.0.40219.1
Project("{FAE04EC0-301F-11D3-BF4B-00C04F79EFBC}") = "Presentacion", "Presentacion\Presentacion.csproj", "{B2D4080F-8BEE-4CB4-B928-C4EF72078B22}"
EndProject
Project("{FAE04EC0-301F-11D3-BF4B-00C04F79EFBC}") = "Dominio", "Dominio\Dominio.csproj", "{75A11B26-F42C-40A7-A5FE-E1D7DA9EDF5B}"
EndProject
Project("{FAE04EC0-301F-11D3-BF4B-00C04F79EFBC}") = "Negocio", "Negocio\Negocio.csproj", "{03E0F6B6-8B65-44ED-B8E7-B588E4BE8A28}"
EndProject
Global
	GlobalSection(SolutionConfigurationPlatforms) = preSolution
		Debug|Any CPU = Debug|Any CPU
		Release|Any CPU = Release|Any CPU
	EndGlobalSection
	GlobalSection(ProjectConfigurationPlatforms) = postSolution
		{B2D4080F-8BEE-4CB4-B928-C4EF72078B22}.Debug|Any CPU.ActiveCfg = Debug|Any CPU
		{B2D4080F-8BEE-4CB4-B928-C4EF72078B22}.Debug|Any CPU.Build.0 = Debug|Any CPU
		{B2D4080F-8BEE-4CB4-B928-C4EF72078B22}.Release|Any CPU.ActiveCfg = Release|Any CPU
		{B2D4080F-8BEE-4CB4-B928-C4EF72078B22}.Release|Any CPU.Build.0 = Release|Any CPU
		{75A11B26-F42C-40A7-A5FE-E1D7DA9EDF5B}.Debug|Any CPU.ActiveCfg = Debug|Any CPU
		{75A11B26-F42C-40A7-A5FE-E1D7DA9EDF5B}.Debug|Any CPU.Build.0 = Debug|Any CPU
		{75A11B26-F42C-40A7-A5FE-E1D7DA9EDF5B}.Release|Any CPU.ActiveCfg = Release|Any CPU
		{75A11B26-F42C-40A7-A5FE-E1D7DA9EDF5B}.Release|Any CPU.Build.0 = Release|Any CPU
		{03E0F6B6-8B65-44ED-B8E7-B588E4BE8A28}.Debug|Any CPU.ActiveCfg = Debug|Any CPU
		{03E0F6B6-8B65-44ED-B8E7-B588E4BE8A28}.Debug|Any CPU.Build.0 = Debug|Any CPU
		{03E0F6B6-8B65-44ED-B8E7-B588E4BE8A28}.Release|Any CPU.ActiveCfg = Release|Any CPU
		{03E0F6B6-8B65-44ED-B8E7-B588E4BE8A28}.Release|Any CPU.Build.0 = Release|Any CPU
	EndGlobalSection
	GlobalSection(SolutionProperties) = preSolution
		HideSolutionNode = FALSE
	EndGlobalSection
EndGlobal
